// !$*UTF8*$!
{
	archiveVersion = 1;
	classes = {
	};
	objectVersion = 46;
	objects = {

/* Begin PBXAggregateTarget section */
		D6FA4A83187E5B1600E5F6C4 /* GenDocumentation */ = {
			isa = PBXAggregateTarget;
			buildConfigurationList = D6FA4A84187E5B1600E5F6C4 /* Build configuration list for PBXAggregateTarget "GenDocumentation" */;
			buildPhases = (
				D6FA4A87187E5B4700E5F6C4 /* Run Script */,
			);
			dependencies = (
			);
			name = GenDocumentation;
			productName = GenDocumentation;
		};
/* End PBXAggregateTarget section */

/* Begin PBXBuildFile section */
		D6ABF9AE187A172200AECF28 /* UITextField+OCAUtilities.m in Sources */ = {isa = PBXBuildFile; fileRef = D6ABF9AC187A172200AECF28 /* UITextField+OCAUtilities.m */; };
		D6ABF9AF187A172200AECF28 /* UITextField+OCAUtilities.m in Sources */ = {isa = PBXBuildFile; fileRef = D6ABF9AC187A172200AECF28 /* UITextField+OCAUtilities.m */; };
		D6ABF9B3187A17A200AECF28 /* UITextView+OCAUtilities.m in Sources */ = {isa = PBXBuildFile; fileRef = D6ABF9B1187A17A200AECF28 /* UITextView+OCAUtilities.m */; };
		D6ABF9B4187A17A200AECF28 /* UITextView+OCAUtilities.m in Sources */ = {isa = PBXBuildFile; fileRef = D6ABF9B1187A17A200AECF28 /* UITextView+OCAUtilities.m */; };
		D6ABF9B8187A180500AECF28 /* UIFontDescriptor+OCAUtilities.m in Sources */ = {isa = PBXBuildFile; fileRef = D6ABF9B6187A180500AECF28 /* UIFontDescriptor+OCAUtilities.m */; };
		D6ABF9B9187A180500AECF28 /* UIFontDescriptor+OCAUtilities.m in Sources */ = {isa = PBXBuildFile; fileRef = D6ABF9B6187A180500AECF28 /* UIFontDescriptor+OCAUtilities.m */; };
		D6ABF9BD187A186700AECF28 /* UIFont+OCAUtilities.m in Sources */ = {isa = PBXBuildFile; fileRef = D6ABF9BB187A186700AECF28 /* UIFont+OCAUtilities.m */; };
		D6ABF9BE187A186700AECF28 /* UIFont+OCAUtilities.m in Sources */ = {isa = PBXBuildFile; fileRef = D6ABF9BB187A186700AECF28 /* UIFont+OCAUtilities.m */; };
		D6ABF9C2187A18EC00AECF28 /* UIStoryboard+OCAUtilities.m in Sources */ = {isa = PBXBuildFile; fileRef = D6ABF9C0187A18EC00AECF28 /* UIStoryboard+OCAUtilities.m */; };
		D6ABF9C3187A18EC00AECF28 /* UIStoryboard+OCAUtilities.m in Sources */ = {isa = PBXBuildFile; fileRef = D6ABF9C0187A18EC00AECF28 /* UIStoryboard+OCAUtilities.m */; };
		D6BF166318726E9D00DFF918 /* Foundation.framework in Frameworks */ = {isa = PBXBuildFile; fileRef = D6BF166218726E9D00DFF918 /* Foundation.framework */; };
		D6BF166A18726E9D00DFF918 /* OCAUtilities.m in Sources */ = {isa = PBXBuildFile; fileRef = D6BF166918726E9D00DFF918 /* OCAUtilities.m */; };
		D6BF167118726E9D00DFF918 /* XCTest.framework in Frameworks */ = {isa = PBXBuildFile; fileRef = D6BF167018726E9D00DFF918 /* XCTest.framework */; };
		D6BF167218726E9D00DFF918 /* Foundation.framework in Frameworks */ = {isa = PBXBuildFile; fileRef = D6BF166218726E9D00DFF918 /* Foundation.framework */; };
		D6BF167418726E9D00DFF918 /* UIKit.framework in Frameworks */ = {isa = PBXBuildFile; fileRef = D6BF167318726E9D00DFF918 /* UIKit.framework */; };
		D6BF167718726E9D00DFF918 /* libOCAUtilities.a in Frameworks */ = {isa = PBXBuildFile; fileRef = D6BF165F18726E9D00DFF918 /* libOCAUtilities.a */; };
		D6BF167D18726E9D00DFF918 /* InfoPlist.strings in Resources */ = {isa = PBXBuildFile; fileRef = D6BF167B18726E9D00DFF918 /* InfoPlist.strings */; };
		D6BF167F18726E9D00DFF918 /* OCAUtilitiesTests.m in Sources */ = {isa = PBXBuildFile; fileRef = D6BF167E18726E9D00DFF918 /* OCAUtilitiesTests.m */; };
		D6BF168F18726FE900DFF918 /* NSDate+OCAUtilities.m in Sources */ = {isa = PBXBuildFile; fileRef = D6BF168818726FE900DFF918 /* NSDate+OCAUtilities.m */; };
		D6BF169018726FE900DFF918 /* NSDate+OCAUtilities.m in Sources */ = {isa = PBXBuildFile; fileRef = D6BF168818726FE900DFF918 /* NSDate+OCAUtilities.m */; };
		D6BF169118726FE900DFF918 /* NSString+OCAUtilities.m in Sources */ = {isa = PBXBuildFile; fileRef = D6BF168918726FE900DFF918 /* NSString+OCAUtilities.m */; };
		D6BF169218726FE900DFF918 /* NSString+OCAUtilities.m in Sources */ = {isa = PBXBuildFile; fileRef = D6BF168918726FE900DFF918 /* NSString+OCAUtilities.m */; };
		D6BF169318726FE900DFF918 /* UIImage+OCAUtilities.m in Sources */ = {isa = PBXBuildFile; fileRef = D6BF168A18726FE900DFF918 /* UIImage+OCAUtilities.m */; };
		D6BF169418726FE900DFF918 /* UIImage+OCAUtilities.m in Sources */ = {isa = PBXBuildFile; fileRef = D6BF168A18726FE900DFF918 /* UIImage+OCAUtilities.m */; };
		D6BF169518726FE900DFF918 /* UILabel+OCAUtilities.m in Sources */ = {isa = PBXBuildFile; fileRef = D6BF168B18726FE900DFF918 /* UILabel+OCAUtilities.m */; };
		D6BF169618726FE900DFF918 /* UILabel+OCAUtilities.m in Sources */ = {isa = PBXBuildFile; fileRef = D6BF168B18726FE900DFF918 /* UILabel+OCAUtilities.m */; };
		D6BF169718726FE900DFF918 /* UIToolBar+OCAUtilities.m in Sources */ = {isa = PBXBuildFile; fileRef = D6BF168C18726FE900DFF918 /* UIToolBar+OCAUtilities.m */; };
		D6BF169818726FE900DFF918 /* UIToolBar+OCAUtilities.m in Sources */ = {isa = PBXBuildFile; fileRef = D6BF168C18726FE900DFF918 /* UIToolBar+OCAUtilities.m */; };
		D6BF169918726FE900DFF918 /* UIView+OCAUtilities.m in Sources */ = {isa = PBXBuildFile; fileRef = D6BF168D18726FE900DFF918 /* UIView+OCAUtilities.m */; };
		D6BF169A18726FE900DFF918 /* UIView+OCAUtilities.m in Sources */ = {isa = PBXBuildFile; fileRef = D6BF168D18726FE900DFF918 /* UIView+OCAUtilities.m */; };
		D6BF169B18726FE900DFF918 /* UIViewController+OCAUtilities.m in Sources */ = {isa = PBXBuildFile; fileRef = D6BF168E18726FE900DFF918 /* UIViewController+OCAUtilities.m */; };
		D6BF169C18726FE900DFF918 /* UIViewController+OCAUtilities.m in Sources */ = {isa = PBXBuildFile; fileRef = D6BF168E18726FE900DFF918 /* UIViewController+OCAUtilities.m */; };
		D6BF169F1872734600DFF918 /* OCADrawingUtilities.m in Sources */ = {isa = PBXBuildFile; fileRef = D6BF169D1872734600DFF918 /* OCADrawingUtilities.m */; };
		D6BF16A01872734600DFF918 /* OCADrawingUtilities.m in Sources */ = {isa = PBXBuildFile; fileRef = D6BF169D1872734600DFF918 /* OCADrawingUtilities.m */; };
		D6BF16A11872734600DFF918 /* OCATextField.m in Sources */ = {isa = PBXBuildFile; fileRef = D6BF169E1872734600DFF918 /* OCATextField.m */; };
		D6BF16A21872734600DFF918 /* OCATextField.m in Sources */ = {isa = PBXBuildFile; fileRef = D6BF169E1872734600DFF918 /* OCATextField.m */; };
		D6BFCF4C18748DEC0088D928 /* OCAUtilities.h in Headers */ = {isa = PBXBuildFile; fileRef = D6BF166718726E9D00DFF918 /* OCAUtilities.h */; settings = {ATTRIBUTES = (Public, ); }; };
/* End PBXBuildFile section */

/* Begin PBXContainerItemProxy section */
		D6BF167518726E9D00DFF918 /* PBXContainerItemProxy */ = {
			isa = PBXContainerItemProxy;
			containerPortal = D6BF165718726E9D00DFF918 /* Project object */;
			proxyType = 1;
			remoteGlobalIDString = D6BF165E18726E9D00DFF918;
			remoteInfo = OCAUtilities;
		};
/* End PBXContainerItemProxy section */

/* Begin PBXFileReference section */
		D6988A14188333FB00DEC402 /* NSDate+OCAUtilities.html */ = {isa = PBXFileReference; fileEncoding = 4; lastKnownFileType = text.html.documentation; path = "NSDate+OCAUtilities.html"; sourceTree = "<group>"; };
		D6988A15188333FB00DEC402 /* NSString+OCAUtilities.html */ = {isa = PBXFileReference; fileEncoding = 4; lastKnownFileType = text.html.documentation; path = "NSString+OCAUtilities.html"; sourceTree = "<group>"; };
		D6988A16188333FB00DEC402 /* UIImage+OCAUtilities.html */ = {isa = PBXFileReference; fileEncoding = 4; lastKnownFileType = text.html.documentation; path = "UIImage+OCAUtilities.html"; sourceTree = "<group>"; };
		D6988A17188333FB00DEC402 /* UILabel+OCAUtilities.html */ = {isa = PBXFileReference; fileEncoding = 4; lastKnownFileType = text.html.documentation; path = "UILabel+OCAUtilities.html"; sourceTree = "<group>"; };
		D6988A18188333FB00DEC402 /* UIStoryboard+OCAUtilities.html */ = {isa = PBXFileReference; fileEncoding = 4; lastKnownFileType = text.html.documentation; path = "UIStoryboard+OCAUtilities.html"; sourceTree = "<group>"; };
		D6988A19188333FB00DEC402 /* UIView+OCAUtilities.html */ = {isa = PBXFileReference; fileEncoding = 4; lastKnownFileType = text.html.documentation; path = "UIView+OCAUtilities.html"; sourceTree = "<group>"; };
		D6988A1A188333FB00DEC402 /* UIViewController+OCAUtilities.html */ = {isa = PBXFileReference; fileEncoding = 4; lastKnownFileType = text.html.documentation; path = "UIViewController+OCAUtilities.html"; sourceTree = "<group>"; };
		D6988A1C188333FB00DEC402 /* OCATextField.html */ = {isa = PBXFileReference; fileEncoding = 4; lastKnownFileType = text.html.documentation; path = OCATextField.html; sourceTree = "<group>"; };
		D6988A1D188333FB00DEC402 /* OCAUtilities.html */ = {isa = PBXFileReference; fileEncoding = 4; lastKnownFileType = text.html.documentation; path = OCAUtilities.html; sourceTree = "<group>"; };
		D6988A1E188333FB00DEC402 /* TransparentToolBar.html */ = {isa = PBXFileReference; fileEncoding = 4; lastKnownFileType = text.html.documentation; path = TransparentToolBar.html; sourceTree = "<group>"; };
		D6988A20188333FB00DEC402 /* styles.css */ = {isa = PBXFileReference; fileEncoding = 4; lastKnownFileType = text.css; path = styles.css; sourceTree = "<group>"; };
		D6988A21188333FB00DEC402 /* stylesPrint.css */ = {isa = PBXFileReference; fileEncoding = 4; lastKnownFileType = text.css; path = stylesPrint.css; sourceTree = "<group>"; };
		D6988A22188333FB00DEC402 /* hierarchy.html */ = {isa = PBXFileReference; fileEncoding = 4; lastKnownFileType = text.html.documentation; path = hierarchy.html; sourceTree = "<group>"; };
		D6988A24188333FB00DEC402 /* button_bar_background.png */ = {isa = PBXFileReference; lastKnownFileType = image.png; path = button_bar_background.png; sourceTree = "<group>"; };
		D6988A25188333FB00DEC402 /* disclosure.png */ = {isa = PBXFileReference; lastKnownFileType = image.png; path = disclosure.png; sourceTree = "<group>"; };
		D6988A26188333FB00DEC402 /* disclosure_open.png */ = {isa = PBXFileReference; lastKnownFileType = image.png; path = disclosure_open.png; sourceTree = "<group>"; };
		D6988A27188333FB00DEC402 /* library_background.png */ = {isa = PBXFileReference; lastKnownFileType = image.png; path = library_background.png; sourceTree = "<group>"; };
		D6988A28188333FB00DEC402 /* title_background.png */ = {isa = PBXFileReference; lastKnownFileType = image.png; path = title_background.png; sourceTree = "<group>"; };
		D6988A29188333FB00DEC402 /* index.html */ = {isa = PBXFileReference; fileEncoding = 4; lastKnownFileType = text.html.documentation; path = index.html; sourceTree = "<group>"; };
		D6988A2B188336A300DEC402 /* Readme.markdown */ = {isa = PBXFileReference; fileEncoding = 4; lastKnownFileType = text; path = Readme.markdown; sourceTree = "<group>"; };
		D6ABF9AC187A172200AECF28 /* UITextField+OCAUtilities.m */ = {isa = PBXFileReference; fileEncoding = 4; lastKnownFileType = sourcecode.c.objc; path = "UITextField+OCAUtilities.m"; sourceTree = "<group>"; };
		D6ABF9B1187A17A200AECF28 /* UITextView+OCAUtilities.m */ = {isa = PBXFileReference; fileEncoding = 4; lastKnownFileType = sourcecode.c.objc; path = "UITextView+OCAUtilities.m"; sourceTree = "<group>"; };
		D6ABF9B6187A180500AECF28 /* UIFontDescriptor+OCAUtilities.m */ = {isa = PBXFileReference; fileEncoding = 4; lastKnownFileType = sourcecode.c.objc; path = "UIFontDescriptor+OCAUtilities.m"; sourceTree = "<group>"; };
		D6ABF9BB187A186700AECF28 /* UIFont+OCAUtilities.m */ = {isa = PBXFileReference; fileEncoding = 4; lastKnownFileType = sourcecode.c.objc; path = "UIFont+OCAUtilities.m"; sourceTree = "<group>"; };
		D6ABF9C0187A18EC00AECF28 /* UIStoryboard+OCAUtilities.m */ = {isa = PBXFileReference; fileEncoding = 4; lastKnownFileType = sourcecode.c.objc; path = "UIStoryboard+OCAUtilities.m"; sourceTree = "<group>"; };
		D6BF165F18726E9D00DFF918 /* libOCAUtilities.a */ = {isa = PBXFileReference; explicitFileType = archive.ar; includeInIndex = 0; path = libOCAUtilities.a; sourceTree = BUILT_PRODUCTS_DIR; };
		D6BF166218726E9D00DFF918 /* Foundation.framework */ = {isa = PBXFileReference; lastKnownFileType = wrapper.framework; name = Foundation.framework; path = System/Library/Frameworks/Foundation.framework; sourceTree = SDKROOT; };
		D6BF166618726E9D00DFF918 /* OCAUtilities-Prefix.pch */ = {isa = PBXFileReference; lastKnownFileType = sourcecode.c.h; path = "OCAUtilities-Prefix.pch"; sourceTree = "<group>"; };
		D6BF166718726E9D00DFF918 /* OCAUtilities.h */ = {isa = PBXFileReference; lastKnownFileType = sourcecode.c.h; path = OCAUtilities.h; sourceTree = "<group>"; };
		D6BF166918726E9D00DFF918 /* OCAUtilities.m */ = {isa = PBXFileReference; lastKnownFileType = sourcecode.c.objc; path = OCAUtilities.m; sourceTree = "<group>"; };
		D6BF166F18726E9D00DFF918 /* OCAUtilitiesTests.xctest */ = {isa = PBXFileReference; explicitFileType = wrapper.cfbundle; includeInIndex = 0; path = OCAUtilitiesTests.xctest; sourceTree = BUILT_PRODUCTS_DIR; };
		D6BF167018726E9D00DFF918 /* XCTest.framework */ = {isa = PBXFileReference; lastKnownFileType = wrapper.framework; name = XCTest.framework; path = Library/Frameworks/XCTest.framework; sourceTree = DEVELOPER_DIR; };
		D6BF167318726E9D00DFF918 /* UIKit.framework */ = {isa = PBXFileReference; lastKnownFileType = wrapper.framework; name = UIKit.framework; path = Library/Frameworks/UIKit.framework; sourceTree = DEVELOPER_DIR; };
		D6BF167A18726E9D00DFF918 /* OCAUtilitiesTests-Info.plist */ = {isa = PBXFileReference; lastKnownFileType = text.plist.xml; path = "OCAUtilitiesTests-Info.plist"; sourceTree = "<group>"; };
		D6BF167C18726E9D00DFF918 /* en */ = {isa = PBXFileReference; lastKnownFileType = text.plist.strings; name = en; path = en.lproj/InfoPlist.strings; sourceTree = "<group>"; };
		D6BF167E18726E9D00DFF918 /* OCAUtilitiesTests.m */ = {isa = PBXFileReference; lastKnownFileType = sourcecode.c.objc; path = OCAUtilitiesTests.m; sourceTree = "<group>"; };
		D6BF168818726FE900DFF918 /* NSDate+OCAUtilities.m */ = {isa = PBXFileReference; fileEncoding = 4; lastKnownFileType = sourcecode.c.objc; path = "NSDate+OCAUtilities.m"; sourceTree = "<group>"; };
		D6BF168918726FE900DFF918 /* NSString+OCAUtilities.m */ = {isa = PBXFileReference; fileEncoding = 4; lastKnownFileType = sourcecode.c.objc; path = "NSString+OCAUtilities.m"; sourceTree = "<group>"; };
		D6BF168A18726FE900DFF918 /* UIImage+OCAUtilities.m */ = {isa = PBXFileReference; fileEncoding = 4; lastKnownFileType = sourcecode.c.objc; path = "UIImage+OCAUtilities.m"; sourceTree = "<group>"; };
		D6BF168B18726FE900DFF918 /* UILabel+OCAUtilities.m */ = {isa = PBXFileReference; fileEncoding = 4; lastKnownFileType = sourcecode.c.objc; path = "UILabel+OCAUtilities.m"; sourceTree = "<group>"; };
		D6BF168C18726FE900DFF918 /* UIToolBar+OCAUtilities.m */ = {isa = PBXFileReference; fileEncoding = 4; lastKnownFileType = sourcecode.c.objc; path = "UIToolBar+OCAUtilities.m"; sourceTree = "<group>"; };
		D6BF168D18726FE900DFF918 /* UIView+OCAUtilities.m */ = {isa = PBXFileReference; fileEncoding = 4; lastKnownFileType = sourcecode.c.objc; path = "UIView+OCAUtilities.m"; sourceTree = "<group>"; };
		D6BF168E18726FE900DFF918 /* UIViewController+OCAUtilities.m */ = {isa = PBXFileReference; fileEncoding = 4; lastKnownFileType = sourcecode.c.objc; path = "UIViewController+OCAUtilities.m"; sourceTree = "<group>"; };
		D6BF169D1872734600DFF918 /* OCADrawingUtilities.m */ = {isa = PBXFileReference; fileEncoding = 4; lastKnownFileType = sourcecode.c.objc; path = OCADrawingUtilities.m; sourceTree = "<group>"; };
		D6BF169E1872734600DFF918 /* OCATextField.m */ = {isa = PBXFileReference; fileEncoding = 4; lastKnownFileType = sourcecode.c.objc; path = OCATextField.m; sourceTree = "<group>"; };
/* End PBXFileReference section */

/* Begin PBXFrameworksBuildPhase section */
		D6BF165C18726E9D00DFF918 /* Frameworks */ = {
			isa = PBXFrameworksBuildPhase;
			buildActionMask = 2147483647;
			files = (
				D6BF166318726E9D00DFF918 /* Foundation.framework in Frameworks */,
			);
			runOnlyForDeploymentPostprocessing = 0;
		};
		D6BF166C18726E9D00DFF918 /* Frameworks */ = {
			isa = PBXFrameworksBuildPhase;
			buildActionMask = 2147483647;
			files = (
				D6BF167118726E9D00DFF918 /* XCTest.framework in Frameworks */,
				D6BF167418726E9D00DFF918 /* UIKit.framework in Frameworks */,
				D6BF167718726E9D00DFF918 /* libOCAUtilities.a in Frameworks */,
				D6BF167218726E9D00DFF918 /* Foundation.framework in Frameworks */,
			);
			runOnlyForDeploymentPostprocessing = 0;
		};
/* End PBXFrameworksBuildPhase section */

/* Begin PBXGroup section */
		D6988A11188333FB00DEC402 /* Documentation */ = {
			isa = PBXGroup;
			children = (
				D6988A12188333FB00DEC402 /* html */,
			);
			path = Documentation;
			sourceTree = "<group>";
		};
		D6988A12188333FB00DEC402 /* html */ = {
			isa = PBXGroup;
			children = (
				D6988A13188333FB00DEC402 /* Categories */,
				D6988A1B188333FB00DEC402 /* Classes */,
				D6988A1F188333FB00DEC402 /* css */,
				D6988A22188333FB00DEC402 /* hierarchy.html */,
				D6988A23188333FB00DEC402 /* img */,
				D6988A29188333FB00DEC402 /* index.html */,
			);
			path = html;
			sourceTree = "<group>";
		};
		D6988A13188333FB00DEC402 /* Categories */ = {
			isa = PBXGroup;
			children = (
				D6988A14188333FB00DEC402 /* NSDate+OCAUtilities.html */,
				D6988A15188333FB00DEC402 /* NSString+OCAUtilities.html */,
				D6988A16188333FB00DEC402 /* UIImage+OCAUtilities.html */,
				D6988A17188333FB00DEC402 /* UILabel+OCAUtilities.html */,
				D6988A18188333FB00DEC402 /* UIStoryboard+OCAUtilities.html */,
				D6988A19188333FB00DEC402 /* UIView+OCAUtilities.html */,
				D6988A1A188333FB00DEC402 /* UIViewController+OCAUtilities.html */,
			);
			path = Categories;
			sourceTree = "<group>";
		};
		D6988A1B188333FB00DEC402 /* Classes */ = {
			isa = PBXGroup;
			children = (
				D6988A1C188333FB00DEC402 /* OCATextField.html */,
				D6988A1D188333FB00DEC402 /* OCAUtilities.html */,
				D6988A1E188333FB00DEC402 /* TransparentToolBar.html */,
			);
			path = Classes;
			sourceTree = "<group>";
		};
		D6988A1F188333FB00DEC402 /* css */ = {
			isa = PBXGroup;
			children = (
				D6988A20188333FB00DEC402 /* styles.css */,
				D6988A21188333FB00DEC402 /* stylesPrint.css */,
			);
			path = css;
			sourceTree = "<group>";
		};
		D6988A23188333FB00DEC402 /* img */ = {
			isa = PBXGroup;
			children = (
				D6988A24188333FB00DEC402 /* button_bar_background.png */,
				D6988A25188333FB00DEC402 /* disclosure.png */,
				D6988A26188333FB00DEC402 /* disclosure_open.png */,
				D6988A27188333FB00DEC402 /* library_background.png */,
				D6988A28188333FB00DEC402 /* title_background.png */,
			);
			path = img;
			sourceTree = "<group>";
		};
		D6BF165618726E9D00DFF918 = {
			isa = PBXGroup;
			children = (
				D6988A2B188336A300DEC402 /* Readme.markdown */,
				D6988A11188333FB00DEC402 /* Documentation */,
				D6BF166418726E9D00DFF918 /* OCAUtilities */,
				D6BF167818726E9D00DFF918 /* OCAUtilitiesTests */,
				D6BF166118726E9D00DFF918 /* Frameworks */,
				D6BF166018726E9D00DFF918 /* Products */,
			);
			sourceTree = "<group>";
		};
		D6BF166018726E9D00DFF918 /* Products */ = {
			isa = PBXGroup;
			children = (
				D6BF165F18726E9D00DFF918 /* libOCAUtilities.a */,
				D6BF166F18726E9D00DFF918 /* OCAUtilitiesTests.xctest */,
			);
			name = Products;
			sourceTree = "<group>";
		};
		D6BF166118726E9D00DFF918 /* Frameworks */ = {
			isa = PBXGroup;
			children = (
				D6BF166218726E9D00DFF918 /* Foundation.framework */,
				D6BF167018726E9D00DFF918 /* XCTest.framework */,
				D6BF167318726E9D00DFF918 /* UIKit.framework */,
			);
			name = Frameworks;
			sourceTree = "<group>";
		};
		D6BF166418726E9D00DFF918 /* OCAUtilities */ = {
			isa = PBXGroup;
			children = (
				D6BF168818726FE900DFF918 /* NSDate+OCAUtilities.m */,
				D6BF168918726FE900DFF918 /* NSString+OCAUtilities.m */,
				D6BF169D1872734600DFF918 /* OCADrawingUtilities.m */,
				D6BF169E1872734600DFF918 /* OCATextField.m */,
				D6BF166718726E9D00DFF918 /* OCAUtilities.h */,
				D6BF166918726E9D00DFF918 /* OCAUtilities.m */,
				D6ABF9BB187A186700AECF28 /* UIFont+OCAUtilities.m */,
				D6ABF9B6187A180500AECF28 /* UIFontDescriptor+OCAUtilities.m */,
				D6BF168A18726FE900DFF918 /* UIImage+OCAUtilities.m */,
				D6BF168B18726FE900DFF918 /* UILabel+OCAUtilities.m */,
				D6ABF9C0187A18EC00AECF28 /* UIStoryboard+OCAUtilities.m */,
				D6ABF9AC187A172200AECF28 /* UITextField+OCAUtilities.m */,
				D6ABF9B1187A17A200AECF28 /* UITextView+OCAUtilities.m */,
				D6BF168C18726FE900DFF918 /* UIToolBar+OCAUtilities.m */,
				D6BF168D18726FE900DFF918 /* UIView+OCAUtilities.m */,
				D6BF168E18726FE900DFF918 /* UIViewController+OCAUtilities.m */,
				D6BF166518726E9D00DFF918 /* Supporting Files */,
			);
			path = OCAUtilities;
			sourceTree = "<group>";
		};
		D6BF166518726E9D00DFF918 /* Supporting Files */ = {
			isa = PBXGroup;
			children = (
				D6BF166618726E9D00DFF918 /* OCAUtilities-Prefix.pch */,
			);
			name = "Supporting Files";
			sourceTree = "<group>";
		};
		D6BF167818726E9D00DFF918 /* OCAUtilitiesTests */ = {
			isa = PBXGroup;
			children = (
				D6BF167E18726E9D00DFF918 /* OCAUtilitiesTests.m */,
				D6BF167918726E9D00DFF918 /* Supporting Files */,
			);
			path = OCAUtilitiesTests;
			sourceTree = "<group>";
		};
		D6BF167918726E9D00DFF918 /* Supporting Files */ = {
			isa = PBXGroup;
			children = (
				D6BF167A18726E9D00DFF918 /* OCAUtilitiesTests-Info.plist */,
				D6BF167B18726E9D00DFF918 /* InfoPlist.strings */,
			);
			name = "Supporting Files";
			sourceTree = "<group>";
		};
/* End PBXGroup section */

/* Begin PBXHeadersBuildPhase section */
		D6BFCF4B18748DDD0088D928 /* Headers */ = {
			isa = PBXHeadersBuildPhase;
			buildActionMask = 2147483647;
			files = (
				D6BFCF4C18748DEC0088D928 /* OCAUtilities.h in Headers */,
			);
			runOnlyForDeploymentPostprocessing = 0;
		};
/* End PBXHeadersBuildPhase section */

/* Begin PBXNativeTarget section */
		D6BF165E18726E9D00DFF918 /* OCAUtilities */ = {
			isa = PBXNativeTarget;
			buildConfigurationList = D6BF168218726E9D00DFF918 /* Build configuration list for PBXNativeTarget "OCAUtilities" */;
			buildPhases = (
				D6BF165B18726E9D00DFF918 /* Sources */,
				D6BF165C18726E9D00DFF918 /* Frameworks */,
				D6BFCF4B18748DDD0088D928 /* Headers */,
			);
			buildRules = (
			);
			dependencies = (
			);
			name = OCAUtilities;
			productName = OCAUtilities;
			productReference = D6BF165F18726E9D00DFF918 /* libOCAUtilities.a */;
			productType = "com.apple.product-type.library.static";
		};
		D6BF166E18726E9D00DFF918 /* OCAUtilitiesTests */ = {
			isa = PBXNativeTarget;
			buildConfigurationList = D6BF168518726E9D00DFF918 /* Build configuration list for PBXNativeTarget "OCAUtilitiesTests" */;
			buildPhases = (
				D6BF166B18726E9D00DFF918 /* Sources */,
				D6BF166C18726E9D00DFF918 /* Frameworks */,
				D6BF166D18726E9D00DFF918 /* Resources */,
			);
			buildRules = (
			);
			dependencies = (
				D6BF167618726E9D00DFF918 /* PBXTargetDependency */,
			);
			name = OCAUtilitiesTests;
			productName = OCAUtilitiesTests;
			productReference = D6BF166F18726E9D00DFF918 /* OCAUtilitiesTests.xctest */;
			productType = "com.apple.product-type.bundle.unit-test";
		};
/* End PBXNativeTarget section */

/* Begin PBXProject section */
		D6BF165718726E9D00DFF918 /* Project object */ = {
			isa = PBXProject;
			attributes = {
				LastUpgradeCheck = 0500;
				ORGANIZATIONNAME = "O'Mara Consulting Associates";
			};
			buildConfigurationList = D6BF165A18726E9D00DFF918 /* Build configuration list for PBXProject "OCAUtilities" */;
			compatibilityVersion = "Xcode 3.2";
			developmentRegion = English;
			hasScannedForEncodings = 0;
			knownRegions = (
				en,
			);
			mainGroup = D6BF165618726E9D00DFF918;
			productRefGroup = D6BF166018726E9D00DFF918 /* Products */;
			projectDirPath = "";
			projectRoot = "";
			targets = (
				D6BF165E18726E9D00DFF918 /* OCAUtilities */,
				D6BF166E18726E9D00DFF918 /* OCAUtilitiesTests */,
				D6FA4A83187E5B1600E5F6C4 /* GenDocumentation */,
			);
		};
/* End PBXProject section */

/* Begin PBXResourcesBuildPhase section */
		D6BF166D18726E9D00DFF918 /* Resources */ = {
			isa = PBXResourcesBuildPhase;
			buildActionMask = 2147483647;
			files = (
				D6BF167D18726E9D00DFF918 /* InfoPlist.strings in Resources */,
			);
			runOnlyForDeploymentPostprocessing = 0;
		};
/* End PBXResourcesBuildPhase section */

/* Begin PBXShellScriptBuildPhase section */
		D6FA4A87187E5B4700E5F6C4 /* Run Script */ = {
			isa = PBXShellScriptBuildPhase;
			buildActionMask = 2147483647;
			files = (
			);
			inputPaths = (
			);
			name = "Run Script";
			outputPaths = (
			);
			runOnlyForDeploymentPostprocessing = 0;
			shellPath = /bin/sh;
			shellScript = "#appledoc Xcode script\n# Start constants\ncompany=\"OMaraConsultingAssociates\";\ncompanyID=\"com.omaraconsultingassoc\";\ncompanyURL=\"http://omaraconsultingassoc.com\";\ntarget=\"iphoneos\";\n#target=\"macosx\";\noutputPath=\"/tmp/appledoc\";\n# End constants\n/usr/local/bin/appledoc \\\n--project-name \"${PROJECT_NAME}\" \\\n--project-company \"${company}\" \\\n--company-id \"${companyID}\" \\\n--docset-atom-filename \"${company}.atom\" \\\n--docset-feed-url \"${companyURL}/${company}/%DOCSETATOMFILENAME\" \\\n--docset-package-url \"${companyURL}/${company}/%DOCSETPACKAGEFILENAME\" \\\n--docset-fallback-url \"${companyURL}/${company}\" \\\n--output \"${outputPath}\" \\\n--publish-docset \\\n--docset-platform-family \"${target}\" \\\n--logformat xcode \\\n--keep-intermediate-files \\\n--no-repeat-first-par \\\n--no-warn-invalid-crossref \\\n--ignore \"*.m\" \\\n--exit-threshold 2 \\\n--index-desc \"${PROJECT_DIR}/Readme.markdown\" \\\n\"${PROJECT_DIR}\"\necho \"Build successful, copying to project folder \"\necho ${PROJECT_DIR}/Documentation\nrsync -rv ${outputPath}/html ${PROJECT_DIR}/Documentation\n";
		};
/* End PBXShellScriptBuildPhase section */

/* Begin PBXSourcesBuildPhase section */
		D6BF165B18726E9D00DFF918 /* Sources */ = {
			isa = PBXSourcesBuildPhase;
			buildActionMask = 2147483647;
			files = (
				D6ABF9B8187A180500AECF28 /* UIFontDescriptor+OCAUtilities.m in Sources */,
				D6BF169718726FE900DFF918 /* UIToolBar+OCAUtilities.m in Sources */,
				D6BF169518726FE900DFF918 /* UILabel+OCAUtilities.m in Sources */,
				D6BF166A18726E9D00DFF918 /* OCAUtilities.m in Sources */,
				D6BF169F1872734600DFF918 /* OCADrawingUtilities.m in Sources */,
				D6ABF9C2187A18EC00AECF28 /* UIStoryboard+OCAUtilities.m in Sources */,
				D6BF169B18726FE900DFF918 /* UIViewController+OCAUtilities.m in Sources */,
				D6BF169118726FE900DFF918 /* NSString+OCAUtilities.m in Sources */,
				D6BF169918726FE900DFF918 /* UIView+OCAUtilities.m in Sources */,
				D6BF169318726FE900DFF918 /* UIImage+OCAUtilities.m in Sources */,
				D6ABF9B3187A17A200AECF28 /* UITextView+OCAUtilities.m in Sources */,
				D6BF168F18726FE900DFF918 /* NSDate+OCAUtilities.m in Sources */,
				D6ABF9BD187A186700AECF28 /* UIFont+OCAUtilities.m in Sources */,
				D6ABF9AE187A172200AECF28 /* UITextField+OCAUtilities.m in Sources */,
				D6BF16A11872734600DFF918 /* OCATextField.m in Sources */,
			);
			runOnlyForDeploymentPostprocessing = 0;
		};
		D6BF166B18726E9D00DFF918 /* Sources */ = {
			isa = PBXSourcesBuildPhase;
			buildActionMask = 2147483647;
			files = (
				D6ABF9B9187A180500AECF28 /* UIFontDescriptor+OCAUtilities.m in Sources */,
				D6BF169818726FE900DFF918 /* UIToolBar+OCAUtilities.m in Sources */,
				D6BF169618726FE900DFF918 /* UILabel+OCAUtilities.m in Sources */,
				D6BF167F18726E9D00DFF918 /* OCAUtilitiesTests.m in Sources */,
				D6BF16A01872734600DFF918 /* OCADrawingUtilities.m in Sources */,
				D6ABF9C3187A18EC00AECF28 /* UIStoryboard+OCAUtilities.m in Sources */,
				D6BF169C18726FE900DFF918 /* UIViewController+OCAUtilities.m in Sources */,
				D6BF169218726FE900DFF918 /* NSString+OCAUtilities.m in Sources */,
				D6BF169A18726FE900DFF918 /* UIView+OCAUtilities.m in Sources */,
				D6BF169418726FE900DFF918 /* UIImage+OCAUtilities.m in Sources */,
				D6ABF9B4187A17A200AECF28 /* UITextView+OCAUtilities.m in Sources */,
				D6BF169018726FE900DFF918 /* NSDate+OCAUtilities.m in Sources */,
				D6ABF9BE187A186700AECF28 /* UIFont+OCAUtilities.m in Sources */,
				D6ABF9AF187A172200AECF28 /* UITextField+OCAUtilities.m in Sources */,
				D6BF16A21872734600DFF918 /* OCATextField.m in Sources */,
			);
			runOnlyForDeploymentPostprocessing = 0;
		};
/* End PBXSourcesBuildPhase section */

/* Begin PBXTargetDependency section */
		D6BF167618726E9D00DFF918 /* PBXTargetDependency */ = {
			isa = PBXTargetDependency;
			target = D6BF165E18726E9D00DFF918 /* OCAUtilities */;
			targetProxy = D6BF167518726E9D00DFF918 /* PBXContainerItemProxy */;
		};
/* End PBXTargetDependency section */

/* Begin PBXVariantGroup section */
		D6BF167B18726E9D00DFF918 /* InfoPlist.strings */ = {
			isa = PBXVariantGroup;
			children = (
				D6BF167C18726E9D00DFF918 /* en */,
			);
			name = InfoPlist.strings;
			sourceTree = "<group>";
		};
/* End PBXVariantGroup section */

/* Begin XCBuildConfiguration section */
		D6BF168018726E9D00DFF918 /* Debug */ = {
			isa = XCBuildConfiguration;
			buildSettings = {
				ALWAYS_SEARCH_USER_PATHS = NO;
				ARCHS = "$(ARCHS_STANDARD_INCLUDING_64_BIT)";
				CLANG_CXX_LANGUAGE_STANDARD = "gnu++0x";
				CLANG_CXX_LIBRARY = "libc++";
				CLANG_ENABLE_MODULES = YES;
				CLANG_ENABLE_OBJC_ARC = YES;
				CLANG_WARN_BOOL_CONVERSION = YES;
				CLANG_WARN_CONSTANT_CONVERSION = YES;
				CLANG_WARN_DIRECT_OBJC_ISA_USAGE = YES_ERROR;
				CLANG_WARN_EMPTY_BODY = YES;
				CLANG_WARN_ENUM_CONVERSION = YES;
				CLANG_WARN_INT_CONVERSION = YES;
				CLANG_WARN_OBJC_ROOT_CLASS = YES_ERROR;
				CLANG_WARN__DUPLICATE_METHOD_MATCH = YES;
				COPY_PHASE_STRIP = NO;
				GCC_C_LANGUAGE_STANDARD = gnu99;
				GCC_DYNAMIC_NO_PIC = NO;
				GCC_OPTIMIZATION_LEVEL = 0;
				GCC_PREPROCESSOR_DEFINITIONS = (
					"DEBUG=1",
					"$(inherited)",
				);
				GCC_SYMBOLS_PRIVATE_EXTERN = NO;
				GCC_WARN_64_TO_32_BIT_CONVERSION = YES;
				GCC_WARN_ABOUT_RETURN_TYPE = YES_ERROR;
				GCC_WARN_UNDECLARED_SELECTOR = YES;
				GCC_WARN_UNINITIALIZED_AUTOS = YES;
				GCC_WARN_UNUSED_FUNCTION = YES;
				GCC_WARN_UNUSED_VARIABLE = YES;
				INSTALL_PATH = /;
				IPHONEOS_DEPLOYMENT_TARGET = 7.0;
				ONLY_ACTIVE_ARCH = NO;
				PUBLIC_HEADERS_FOLDER_PATH = "";
				SDKROOT = iphoneos;
				SKIP_INSTALL = YES;
			};
			name = Debug;
		};
		D6BF168118726E9D00DFF918 /* Release */ = {
			isa = XCBuildConfiguration;
			buildSettings = {
				ALWAYS_SEARCH_USER_PATHS = NO;
				ARCHS = "$(ARCHS_STANDARD_INCLUDING_64_BIT)";
				CLANG_CXX_LANGUAGE_STANDARD = "gnu++0x";
				CLANG_CXX_LIBRARY = "libc++";
				CLANG_ENABLE_MODULES = YES;
				CLANG_ENABLE_OBJC_ARC = YES;
				CLANG_WARN_BOOL_CONVERSION = YES;
				CLANG_WARN_CONSTANT_CONVERSION = YES;
				CLANG_WARN_DIRECT_OBJC_ISA_USAGE = YES_ERROR;
				CLANG_WARN_EMPTY_BODY = YES;
				CLANG_WARN_ENUM_CONVERSION = YES;
				CLANG_WARN_INT_CONVERSION = YES;
				CLANG_WARN_OBJC_ROOT_CLASS = YES_ERROR;
				CLANG_WARN__DUPLICATE_METHOD_MATCH = YES;
				COPY_PHASE_STRIP = YES;
				ENABLE_NS_ASSERTIONS = NO;
				GCC_C_LANGUAGE_STANDARD = gnu99;
				GCC_WARN_64_TO_32_BIT_CONVERSION = YES;
				GCC_WARN_ABOUT_RETURN_TYPE = YES_ERROR;
				GCC_WARN_UNDECLARED_SELECTOR = YES;
				GCC_WARN_UNINITIALIZED_AUTOS = YES;
				GCC_WARN_UNUSED_FUNCTION = YES;
				GCC_WARN_UNUSED_VARIABLE = YES;
				INSTALL_PATH = /;
				IPHONEOS_DEPLOYMENT_TARGET = 7.0;
				PUBLIC_HEADERS_FOLDER_PATH = "";
				SDKROOT = iphoneos;
				SKIP_INSTALL = YES;
				VALIDATE_PRODUCT = YES;
			};
			name = Release;
		};
		D6BF168318726E9D00DFF918 /* Debug */ = {
			isa = XCBuildConfiguration;
			buildSettings = {
				DSTROOT = /tmp/OCAUtilities.dst;
				GCC_PRECOMPILE_PREFIX_HEADER = YES;
				GCC_PREFIX_HEADER = "OCAUtilities/OCAUtilities-Prefix.pch";
				OTHER_LDFLAGS = "-ObjC";
				PRODUCT_NAME = "$(TARGET_NAME)";
				PUBLIC_HEADERS_FOLDER_PATH = "include/$(TARGET_NAME)";
				SKIP_INSTALL = YES;
			};
			name = Debug;
		};
		D6BF168418726E9D00DFF918 /* Release */ = {
			isa = XCBuildConfiguration;
			buildSettings = {
				DSTROOT = /tmp/OCAUtilities.dst;
				GCC_PRECOMPILE_PREFIX_HEADER = YES;
				GCC_PREFIX_HEADER = "OCAUtilities/OCAUtilities-Prefix.pch";
				OTHER_LDFLAGS = "-ObjC";
				PRODUCT_NAME = "$(TARGET_NAME)";
				PUBLIC_HEADERS_FOLDER_PATH = "include/$(TARGET_NAME)";
				SKIP_INSTALL = YES;
			};
			name = Release;
		};
		D6BF168618726E9D00DFF918 /* Debug */ = {
			isa = XCBuildConfiguration;
			buildSettings = {
				ARCHS = "$(ARCHS_STANDARD_INCLUDING_64_BIT)";
				FRAMEWORK_SEARCH_PATHS = (
					"$(SDKROOT)/Developer/Library/Frameworks",
					"$(inherited)",
					"$(DEVELOPER_FRAMEWORKS_DIR)",
				);
				GCC_PRECOMPILE_PREFIX_HEADER = YES;
				GCC_PREFIX_HEADER = "OCAUtilities/OCAUtilities-Prefix.pch";
				GCC_PREPROCESSOR_DEFINITIONS = (
					"DEBUG=1",
					"$(inherited)",
				);
				INFOPLIST_FILE = "OCAUtilitiesTests/OCAUtilitiesTests-Info.plist";
				PRODUCT_NAME = "$(TARGET_NAME)";
				WRAPPER_EXTENSION = xctest;
			};
			name = Debug;
		};
		D6BF168718726E9D00DFF918 /* Release */ = {
			isa = XCBuildConfiguration;
			buildSettings = {
				ARCHS = "$(ARCHS_STANDARD_INCLUDING_64_BIT)";
				FRAMEWORK_SEARCH_PATHS = (
					"$(SDKROOT)/Developer/Library/Frameworks",
					"$(inherited)",
					"$(DEVELOPER_FRAMEWORKS_DIR)",
				);
				GCC_PRECOMPILE_PREFIX_HEADER = YES;
				GCC_PREFIX_HEADER = "OCAUtilities/OCAUtilities-Prefix.pch";
				INFOPLIST_FILE = "OCAUtilitiesTests/OCAUtilitiesTests-Info.plist";
				PRODUCT_NAME = "$(TARGET_NAME)";
				WRAPPER_EXTENSION = xctest;
			};
			name = Release;
		};
		D6FA4A85187E5B1600E5F6C4 /* Debug */ = {
			isa = XCBuildConfiguration;
			buildSettings = {
				PRODUCT_NAME = "$(TARGET_NAME)";
			};
			name = Debug;
		};
		D6FA4A86187E5B1600E5F6C4 /* Release */ = {
			isa = XCBuildConfiguration;
			buildSettings = {
				PRODUCT_NAME = "$(TARGET_NAME)";
			};
			name = Release;
		};
/* End XCBuildConfiguration section */

/* Begin XCConfigurationList section */
		D6BF165A18726E9D00DFF918 /* Build configuration list for PBXProject "OCAUtilities" */ = {
			isa = XCConfigurationList;
			buildConfigurations = (
				D6BF168018726E9D00DFF918 /* Debug */,
				D6BF168118726E9D00DFF918 /* Release */,
			);
			defaultConfigurationIsVisible = 0;
			defaultConfigurationName = Release;
		};
		D6BF168218726E9D00DFF918 /* Build configuration list for PBXNativeTarget "OCAUtilities" */ = {
			isa = XCConfigurationList;
			buildConfigurations = (
				D6BF168318726E9D00DFF918 /* Debug */,
				D6BF168418726E9D00DFF918 /* Release */,
			);
			defaultConfigurationIsVisible = 0;
			defaultConfigurationName = Release;
		};
		D6BF168518726E9D00DFF918 /* Build configuration list for PBXNativeTarget "OCAUtilitiesTests" */ = {
			isa = XCConfigurationList;
			buildConfigurations = (
				D6BF168618726E9D00DFF918 /* Debug */,
				D6BF168718726E9D00DFF918 /* Release */,
			);
			defaultConfigurationIsVisible = 0;
			defaultConfigurationName = Release;
		};
		D6FA4A84187E5B1600E5F6C4 /* Build configuration list for PBXAggregateTarget "GenDocumentation" */ = {
			isa = XCConfigurationList;
			buildConfigurations = (
				D6FA4A85187E5B1600E5F6C4 /* Debug */,
				D6FA4A86187E5B1600E5F6C4 /* Release */,
			);
			defaultConfigurationIsVisible = 0;
			defaultConfigurationName = Release;
		};
/* End XCConfigurationList section */
	};
	rootObject = D6BF165718726E9D00DFF918 /* Project object */;
}
